dependencies:
  espressif/cmake_utilities:
    component_hash: 351350613ceafba240b761b4ea991e0f231ac7a9f59a9ee901f751bddc0bb18f
    dependencies:
    - name: idf
      require: private
      version: '>=4.1'
    source:
      registry_url: https://components.espressif.com/
      type: service
    version: 0.5.3
  espressif/esp_codec_dev:
    component_hash: 014948481bda426cd46714f297fe1891711246c62bea288863a8cc8cf13ef1f0
    dependencies:
    - name: idf
      require: private
      version: '>=4.0'
    source:
      registry_url: https://components.espressif.com/
      type: service
    version: 1.2.0
  espressif/esp_lcd_ek79007:
    component_hash: 8005700b7f10c7136b6e2a3f19a48f972aa1d13ed107ed298574e8d24d17ea83
    dependencies:
    - name: espressif/cmake_utilities
      registry_url: https://components.espressif.com
      require: private
      version: 0.*
    - name: idf
      require: private
      version: '>=5.3'
    source:
      registry_url: https://components.espressif.com/
      type: service
    targets:
    - esp32p4
    version: 1.0.4
  espressif/esp_lcd_ili9881c:
    component_hash: 0288df12755c95d406ccea245a427595f314df0b14a61846286d926ea6f3698e
    dependencies:
    - name: idf
      require: private
      version: '>=5.3'
    source:
      registry_url: https://components.espressif.com/
      type: service
    targets:
    - esp32p4
    version: 1.1.0
  espressif/esp_lcd_jd9165:
    dependencies: []
    source:
      path: D:\Code\p4minishell\managed_components\espressif__esp_lcd_jd9165
      type: local
    version: 1.0.2
  espressif/esp_lcd_touch:
    component_hash: 3f85a7d95af876f1a6ecca8eb90a81614890d0f03a038390804e5a77e2caf862
    dependencies:
    - name: idf
      require: private
      version: '>=4.4.2'
    source:
      registry_url: https://components.espressif.com/
      type: service
    version: 1.2.1
  espressif/esp_lcd_touch_gt911:
    dependencies: []
    source:
      path: D:\Code\p4minishell\managed_components\espressif__esp_lcd_touch_gt911
      type: local
    version: 1.2.0~1
  espressif/esp_lvgl_port:
    dependencies: []
    source:
      path: D:\Code\p4minishell\managed_components\espressif__esp_lvgl_port
      type: local
    version: 2.7.2
  idf:
    source:
      type: idf
    version: 5.5.3
  lvgl/lvgl:
    dependencies: []
    source:
      path: D:\Code\p4minishell\managed_components\lvgl__lvgl
      type: local
    version: 9.2.2
direct_dependencies:
- espressif/cmake_utilities
- espressif/esp_codec_dev
- espressif/esp_lcd_ek79007
- espressif/esp_lcd_ili9881c
- espressif/esp_lcd_jd9165
- espressif/esp_lcd_touch
- espressif/esp_lcd_touch_gt911
- espressif/esp_lvgl_port
- idf
- lvgl/lvgl
manifest_hash: c3af7e24c9e59c5b9cf77364f3e417892508c39653501c3867a214e4c903e47e
target: esp32p4
version: 2.0.0
